// !$*UTF8*$!
{
	archiveVersion = 1;
	classes = {
	};
	objectVersion = 55;
	objects = {

/* Begin PBXBuildFile section */
		490492532748E388008827DF /* TSTabNavigationMenu.swift in Sources */ = {isa = PBXBuildFile; fileRef = 490492502748E388008827DF /* TSTabNavigationMenu.swift */; };
		490492542748E388008827DF /* TSTabItem.swift in Sources */ = {isa = PBXBuildFile; fileRef = 490492512748E388008827DF /* TSTabItem.swift */; };
		490492552748E388008827DF /* TSTabBarControllerViewController.swift in Sources */ = {isa = PBXBuildFile; fileRef = 490492522748E388008827DF /* TSTabBarControllerViewController.swift */; };
		4904925A2748EF04008827DF /* TSTableView.swift in Sources */ = {isa = PBXBuildFile; fileRef = 490492592748EF04008827DF /* TSTableView.swift */; };
		4904925C2748EF34008827DF /* TSTableViewCell.swift in Sources */ = {isa = PBXBuildFile; fileRef = 4904925B2748EF34008827DF /* TSTableViewCell.swift */; };
		4904925F2748EFA2008827DF /* HomeViewController.swift in Sources */ = {isa = PBXBuildFile; fileRef = 4904925E2748EFA2008827DF /* HomeViewController.swift */; };
		490492612748EFD1008827DF /* HomeTableView.swift in Sources */ = {isa = PBXBuildFile; fileRef = 490492602748EFD1008827DF /* HomeTableView.swift */; };
		490492632748F181008827DF /* TSEmptyBackgroundView.swift in Sources */ = {isa = PBXBuildFile; fileRef = 490492622748F181008827DF /* TSEmptyBackgroundView.swift */; };
		490492672748F23C008827DF /* ResumeReadingTableViewCell.swift in Sources */ = {isa = PBXBuildFile; fileRef = 490492652748F23C008827DF /* ResumeReadingTableViewCell.swift */; };
		490492682748F23C008827DF /* ResumeReadingTableViewCell.xib in Resources */ = {isa = PBXBuildFile; fileRef = 490492662748F23C008827DF /* ResumeReadingTableViewCell.xib */; };
		4904926C274910A3008827DF /* ResumeReadingCollectionViewCell.swift in Sources */ = {isa = PBXBuildFile; fileRef = 4904926A274910A3008827DF /* ResumeReadingCollectionViewCell.swift */; };
		4904926D274910A3008827DF /* ResumeReadingCollectionViewCell.xib in Resources */ = {isa = PBXBuildFile; fileRef = 4904926B274910A3008827DF /* ResumeReadingCollectionViewCell.xib */; };
		4904926F274910B8008827DF /* ResumeReadingCollectionView.swift in Sources */ = {isa = PBXBuildFile; fileRef = 4904926E274910B8008827DF /* ResumeReadingCollectionView.swift */; };
		4904927127491136008827DF /* TSModel.swift in Sources */ = {isa = PBXBuildFile; fileRef = 4904927027491136008827DF /* TSModel.swift */; };
		4904927427491172008827DF /* TSBook.swift in Sources */ = {isa = PBXBuildFile; fileRef = 4904927327491172008827DF /* TSBook.swift */; };
		4904927627491992008827DF /* NunitoSans-ExtraBold.ttf in Resources */ = {isa = PBXBuildFile; fileRef = 4904927527491992008827DF /* NunitoSans-ExtraBold.ttf */; };
		4904927A27492456008827DF /* UpdateComicTableViewCell.swift in Sources */ = {isa = PBXBuildFile; fileRef = 4904927827492456008827DF /* UpdateComicTableViewCell.swift */; };
		4904927B27492456008827DF /* UpdateComicTableViewCell.xib in Resources */ = {isa = PBXBuildFile; fileRef = 4904927927492456008827DF /* UpdateComicTableViewCell.xib */; };
		4904927D27492809008827DF /* UpdateComicsCollectionView.swift in Sources */ = {isa = PBXBuildFile; fileRef = 4904927C27492809008827DF /* UpdateComicsCollectionView.swift */; };
		4904928027492858008827DF /* UpdateComicsCollectionViewCell.swift in Sources */ = {isa = PBXBuildFile; fileRef = 4904927E27492858008827DF /* UpdateComicsCollectionViewCell.swift */; };
		4904928127492858008827DF /* UpdateComicsCollectionViewCell.xib in Resources */ = {isa = PBXBuildFile; fileRef = 4904927F27492858008827DF /* UpdateComicsCollectionViewCell.xib */; };
		4904928427492EB5008827DF /* ReleaseSoonTableViewCell.swift in Sources */ = {isa = PBXBuildFile; fileRef = 4904928227492EB5008827DF /* ReleaseSoonTableViewCell.swift */; };
		4904928527492EB5008827DF /* ReleaseSoonTableViewCell.xib in Resources */ = {isa = PBXBuildFile; fileRef = 4904928327492EB5008827DF /* ReleaseSoonTableViewCell.xib */; };
		490492872749311C008827DF /* ReleaseSoonCollectionView.swift in Sources */ = {isa = PBXBuildFile; fileRef = 490492862749311C008827DF /* ReleaseSoonCollectionView.swift */; };
		4904928A27493337008827DF /* ReleaseSoonCollectionViewCell.swift in Sources */ = {isa = PBXBuildFile; fileRef = 4904928827493337008827DF /* ReleaseSoonCollectionViewCell.swift */; };
		4904928B27493337008827DF /* ReleaseSoonCollectionViewCell.xib in Resources */ = {isa = PBXBuildFile; fileRef = 4904928927493337008827DF /* ReleaseSoonCollectionViewCell.xib */; };
		4904928D2749357A008827DF /* NunitoSans-SemiBold.ttf in Resources */ = {isa = PBXBuildFile; fileRef = 4904928C2749357A008827DF /* NunitoSans-SemiBold.ttf */; };
		490492902749387F008827DF /* MostPopularComicTableViewCell.swift in Sources */ = {isa = PBXBuildFile; fileRef = 4904928E2749387F008827DF /* MostPopularComicTableViewCell.swift */; };
		490492912749387F008827DF /* MostPopularComicTableViewCell.xib in Resources */ = {isa = PBXBuildFile; fileRef = 4904928F2749387F008827DF /* MostPopularComicTableViewCell.xib */; };
		4904929327493A95008827DF /* MostPopularCollectionView.swift in Sources */ = {isa = PBXBuildFile; fileRef = 4904929227493A95008827DF /* MostPopularCollectionView.swift */; };
		4904929627493B7B008827DF /* MostPopularCollectionViewCell.swift in Sources */ = {isa = PBXBuildFile; fileRef = 4904929427493B7B008827DF /* MostPopularCollectionViewCell.swift */; };
		4904929727493B7B008827DF /* MostPopularCollectionViewCell.xib in Resources */ = {isa = PBXBuildFile; fileRef = 4904929527493B7B008827DF /* MostPopularCollectionViewCell.xib */; };
		4904929A274942ED008827DF /* ContinueReadingTableViewCell.swift in Sources */ = {isa = PBXBuildFile; fileRef = 49049298274942ED008827DF /* ContinueReadingTableViewCell.swift */; };
		4904929B274942ED008827DF /* ContinueReadingTableViewCell.xib in Resources */ = {isa = PBXBuildFile; fileRef = 49049299274942ED008827DF /* ContinueReadingTableViewCell.xib */; };
		4904929D274943C8008827DF /* ContinueReadingCollectionView.swift in Sources */ = {isa = PBXBuildFile; fileRef = 4904929C274943C8008827DF /* ContinueReadingCollectionView.swift */; };
		490492A0274944B2008827DF /* ContinueReadingCollectionViewCell.swift in Sources */ = {isa = PBXBuildFile; fileRef = 4904929E274944B2008827DF /* ContinueReadingCollectionViewCell.swift */; };
		490492A1274944B2008827DF /* ContinueReadingCollectionViewCell.xib in Resources */ = {isa = PBXBuildFile; fileRef = 4904929F274944B2008827DF /* ContinueReadingCollectionViewCell.xib */; };
		490492A427494B0B008827DF /* NewReleaseTableViewCell.swift in Sources */ = {isa = PBXBuildFile; fileRef = 490492A227494B0B008827DF /* NewReleaseTableViewCell.swift */; };
		490492A527494B0B008827DF /* NewReleaseTableViewCell.xib in Resources */ = {isa = PBXBuildFile; fileRef = 490492A327494B0B008827DF /* NewReleaseTableViewCell.xib */; };
		4961645A274E80B100F10ABE /* GenreCollectionView.swift in Sources */ = {isa = PBXBuildFile; fileRef = 49616459274E80B100F10ABE /* GenreCollectionView.swift */; };
		4975553E274A58AE00FD2290 /* TSItem.swift in Sources */ = {isa = PBXBuildFile; fileRef = 4975553D274A58AE00FD2290 /* TSItem.swift */; };
		49755540274AC61800FD2290 /* BookListCollectionView.swift in Sources */ = {isa = PBXBuildFile; fileRef = 4975553F274AC61800FD2290 /* BookListCollectionView.swift */; };
		49755543274AC65E00FD2290 /* BookListCollectionViewCell.swift in Sources */ = {isa = PBXBuildFile; fileRef = 49755541274AC65E00FD2290 /* BookListCollectionViewCell.swift */; };
		49755544274AC65E00FD2290 /* BookListCollectionViewCell.xib in Resources */ = {isa = PBXBuildFile; fileRef = 49755542274AC65E00FD2290 /* BookListCollectionViewCell.xib */; };
		49A0E227274A1A63001F6CE9 /* DiscoverViewController.swift in Sources */ = {isa = PBXBuildFile; fileRef = 49A0E226274A1A63001F6CE9 /* DiscoverViewController.swift */; };
		49A0E22B274A1B09001F6CE9 /* SliderCollectionView.swift in Sources */ = {isa = PBXBuildFile; fileRef = 49A0E22A274A1B09001F6CE9 /* SliderCollectionView.swift */; };
		49A0E22E274A1B21001F6CE9 /* SliderCollectionViewCell.swift in Sources */ = {isa = PBXBuildFile; fileRef = 49A0E22C274A1B21001F6CE9 /* SliderCollectionViewCell.swift */; };
		49A0E22F274A1B21001F6CE9 /* SliderCollectionViewCell.xib in Resources */ = {isa = PBXBuildFile; fileRef = 49A0E22D274A1B21001F6CE9 /* SliderCollectionViewCell.xib */; };
		8A233B63274C1A6D003BF645 /* GenreCollectionCell.swift in Sources */ = {isa = PBXBuildFile; fileRef = 8A233B61274C1A6D003BF645 /* GenreCollectionCell.swift */; };
		8A233B64274C1A6D003BF645 /* GenreCollectionCell.xib in Resources */ = {isa = PBXBuildFile; fileRef = 8A233B62274C1A6D003BF645 /* GenreCollectionCell.xib */; };
		8A233B67274C2ACF003BF645 /* ProfileViewController.swift in Sources */ = {isa = PBXBuildFile; fileRef = 8A233B66274C2ACF003BF645 /* ProfileViewController.swift */; };
		8A491FB4274EB54400D04A13 /* PDFViewController.swift in Sources */ = {isa = PBXBuildFile; fileRef = 8A491FB3274EB54400D04A13 /* PDFViewController.swift */; };
		8A52946D275C926200CBC055 /* GoogleService-Info.plist in Resources */ = {isa = PBXBuildFile; fileRef = 8A52946C275C926200CBC055 /* GoogleService-Info.plist */; };
		8A5D8F08274D5182008A4105 /* ProfileTableView.swift in Sources */ = {isa = PBXBuildFile; fileRef = 8A5D8F07274D5182008A4105 /* ProfileTableView.swift */; };
		8A5D8F0B274D5549008A4105 /* MyListCollectionView.swift in Sources */ = {isa = PBXBuildFile; fileRef = 8A5D8F0A274D5549008A4105 /* MyListCollectionView.swift */; };
		8A5D8F1D274D713C008A4105 /* MyListCollectionViewCell.swift in Sources */ = {isa = PBXBuildFile; fileRef = 8A5D8F1B274D713C008A4105 /* MyListCollectionViewCell.swift */; };
		8A5D8F1E274D713C008A4105 /* MyListCollectionViewCell.xib in Resources */ = {isa = PBXBuildFile; fileRef = 8A5D8F1C274D713C008A4105 /* MyListCollectionViewCell.xib */; };
		8A8D7EA52746BCCE0073E261 /* AppDelegate.swift in Sources */ = {isa = PBXBuildFile; fileRef = 8A8D7EA42746BCCE0073E261 /* AppDelegate.swift */; };
		8A8D7EA72746BCCE0073E261 /* SceneDelegate.swift in Sources */ = {isa = PBXBuildFile; fileRef = 8A8D7EA62746BCCE0073E261 /* SceneDelegate.swift */; };
		8A8D7EAC2746BCCE0073E261 /* Main.storyboard in Resources */ = {isa = PBXBuildFile; fileRef = 8A8D7EAA2746BCCE0073E261 /* Main.storyboard */; };
		8A8D7EAE2746BCCF0073E261 /* Assets.xcassets in Resources */ = {isa = PBXBuildFile; fileRef = 8A8D7EAD2746BCCF0073E261 /* Assets.xcassets */; };
		8A8D7EB12746BCCF0073E261 /* LaunchScreen.storyboard in Resources */ = {isa = PBXBuildFile; fileRef = 8A8D7EAF2746BCCF0073E261 /* LaunchScreen.storyboard */; };
		8A8D7EBD2746BE2A0073E261 /* BaseViewController.swift in Sources */ = {isa = PBXBuildFile; fileRef = 8A8D7EBC2746BE2A0073E261 /* BaseViewController.swift */; };
		8A8D7EC22746BFCC0073E261 /* TSTextField.swift in Sources */ = {isa = PBXBuildFile; fileRef = 8A8D7EC12746BFCC0073E261 /* TSTextField.swift */; };
		8A8D7EC42746C0410073E261 /* LoginViewController.swift in Sources */ = {isa = PBXBuildFile; fileRef = 8A8D7EC32746C0410073E261 /* LoginViewController.swift */; };
		8A8D7ECD2746C8D90073E261 /* Constant.swift in Sources */ = {isa = PBXBuildFile; fileRef = 8A8D7ECB2746C8D90073E261 /* Constant.swift */; };
		8A8D7ECE2746C8D90073E261 /* Extension.swift in Sources */ = {isa = PBXBuildFile; fileRef = 8A8D7ECC2746C8D90073E261 /* Extension.swift */; };
		8A8D7ED02746C8EC0073E261 /* TSLoader.swift in Sources */ = {isa = PBXBuildFile; fileRef = 8A8D7ECF2746C8EC0073E261 /* TSLoader.swift */; };
		8A8D7ED12746D4280073E261 /* AvenirLTStd-Black.otf in Resources */ = {isa = PBXBuildFile; fileRef = 8A8D7EC92746C7110073E261 /* AvenirLTStd-Black.otf */; };
		8A8D7ED22746D4280073E261 /* NunitoSans-Bold.ttf in Resources */ = {isa = PBXBuildFile; fileRef = 8A8D7EC72746C6450073E261 /* NunitoSans-Bold.ttf */; };
		8A8D7ED32746D4280073E261 /* NunitoSans-Regular.ttf in Resources */ = {isa = PBXBuildFile; fileRef = 8A8D7EC82746C6CD0073E261 /* NunitoSans-Regular.ttf */; };
		8A8D7ED42746D4280073E261 /* AvenirLTStd-Book.otf in Resources */ = {isa = PBXBuildFile; fileRef = 8A8D7ECA2746C7110073E261 /* AvenirLTStd-Book.otf */; };
		8A8D7ED82746D4590073E261 /* TSButton.swift in Sources */ = {isa = PBXBuildFile; fileRef = 8A8D7ED52746D4590073E261 /* TSButton.swift */; };
		8A8D7ED92746D4590073E261 /* TSLabel.swift in Sources */ = {isa = PBXBuildFile; fileRef = 8A8D7ED62746D4590073E261 /* TSLabel.swift */; };
		8A8D7EDA2746D4590073E261 /* TSNavigationBar.swift in Sources */ = {isa = PBXBuildFile; fileRef = 8A8D7ED72746D4590073E261 /* TSNavigationBar.swift */; };
		8A8D7EDC2746D8670073E261 /* ValidationService.swift in Sources */ = {isa = PBXBuildFile; fileRef = 8A8D7EDB2746D8670073E261 /* ValidationService.swift */; };
		8A8D7EDF2746DBD30073E261 /* TabBarController.swift in Sources */ = {isa = PBXBuildFile; fileRef = 8A8D7EDE2746DBD30073E261 /* TabBarController.swift */; };
		8A8D7EE22746E3140073E261 /* SignupViewController.swift in Sources */ = {isa = PBXBuildFile; fileRef = 8A8D7EE12746E3140073E261 /* SignupViewController.swift */; };
		8AA31531275E7B8800C437E3 /* TSEpisodes.swift in Sources */ = {isa = PBXBuildFile; fileRef = 8AA31530275E7B8800C437E3 /* TSEpisodes.swift */; };
		8AB3F144276E6FA0009595F7 /* TSImageManager.swift in Sources */ = {isa = PBXBuildFile; fileRef = 8AB3F143276E6FA0009595F7 /* TSImageManager.swift */; };
		8AB5CD19274EAFF500A3F15E /* testcomic.pdf in Resources */ = {isa = PBXBuildFile; fileRef = 8AB5CD18274EAFF500A3F15E /* testcomic.pdf */; };
		8AB7ECCE27494E9800455B31 /* DetailViewController.swift in Sources */ = {isa = PBXBuildFile; fileRef = 8AB7ECCD27494E9800455B31 /* DetailViewController.swift */; };
		8AB7ECD32749549C00455B31 /* TSScollViewSegment.swift in Sources */ = {isa = PBXBuildFile; fileRef = 8AB7ECD22749549C00455B31 /* TSScollViewSegment.swift */; };
		8AB7ECD727496CE200455B31 /* EpisodesTableCell.swift in Sources */ = {isa = PBXBuildFile; fileRef = 8AB7ECD527496CE200455B31 /* EpisodesTableCell.swift */; };
		8AB7ECD827496CE200455B31 /* EpisodesTableCell.xib in Resources */ = {isa = PBXBuildFile; fileRef = 8AB7ECD627496CE200455B31 /* EpisodesTableCell.xib */; };
		8AB9DCD3274EC0F800949BC7 /* TSUser.swift in Sources */ = {isa = PBXBuildFile; fileRef = 8AB9DCD2274EC0F700949BC7 /* TSUser.swift */; };
		8ACE002D274D7A2E00063BF2 /* ProfileComicTableCell.swift in Sources */ = {isa = PBXBuildFile; fileRef = 8ACE002B274D7A2E00063BF2 /* ProfileComicTableCell.swift */; };
		8ACE002E274D7A2E00063BF2 /* ProfileComicTableCell.xib in Resources */ = {isa = PBXBuildFile; fileRef = 8ACE002C274D7A2E00063BF2 /* ProfileComicTableCell.xib */; };
		8ACE0032274D7C3A00063BF2 /* MyListTableViewCell.swift in Sources */ = {isa = PBXBuildFile; fileRef = 8ACE0030274D7C3A00063BF2 /* MyListTableViewCell.swift */; };
		8ACE0033274D7C3A00063BF2 /* MyListTableViewCell.xib in Resources */ = {isa = PBXBuildFile; fileRef = 8ACE0031274D7C3A00063BF2 /* MyListTableViewCell.xib */; };
		8ACE0036274D7D8600063BF2 /* BuyCoinViewController.swift in Sources */ = {isa = PBXBuildFile; fileRef = 8ACE0035274D7D8600063BF2 /* BuyCoinViewController.swift */; };
		8ACE003A274D7E8B00063BF2 /* CoinTableCell.swift in Sources */ = {isa = PBXBuildFile; fileRef = 8ACE0038274D7E8B00063BF2 /* CoinTableCell.swift */; };
		8ACE003B274D7E8B00063BF2 /* CoinTableCell.xib in Resources */ = {isa = PBXBuildFile; fileRef = 8ACE0039274D7E8B00063BF2 /* CoinTableCell.xib */; };
		8AFC038E276D2F29008E48C1 /* TSFirebaseAPI.swift in Sources */ = {isa = PBXBuildFile; fileRef = 8AFC038D276D2F29008E48C1 /* TSFirebaseAPI.swift */; };
		9DBFF594EC95984D7A1EBEDC /* Pods_Toonstreet.framework in Frameworks */ = {isa = PBXBuildFile; fileRef = 06AC0994BB852D3AC488D49A /* Pods_Toonstreet.framework */; };
/* End PBXBuildFile section */

/* Begin PBXFileReference section */
		06AC0994BB852D3AC488D49A /* Pods_Toonstreet.framework */ = {isa = PBXFileReference; explicitFileType = wrapper.framework; includeInIndex = 0; path = Pods_Toonstreet.framework; sourceTree = BUILT_PRODUCTS_DIR; };
		490492502748E388008827DF /* TSTabNavigationMenu.swift */ = {isa = PBXFileReference; fileEncoding = 4; lastKnownFileType = sourcecode.swift; path = TSTabNavigationMenu.swift; sourceTree = "<group>"; };
		490492512748E388008827DF /* TSTabItem.swift */ = {isa = PBXFileReference; fileEncoding = 4; lastKnownFileType = sourcecode.swift; path = TSTabItem.swift; sourceTree = "<group>"; };
		490492522748E388008827DF /* TSTabBarControllerViewController.swift */ = {isa = PBXFileReference; fileEncoding = 4; lastKnownFileType = sourcecode.swift; path = TSTabBarControllerViewController.swift; sourceTree = "<group>"; };
		490492592748EF04008827DF /* TSTableView.swift */ = {isa = PBXFileReference; lastKnownFileType = sourcecode.swift; path = TSTableView.swift; sourceTree = "<group>"; };
		4904925B2748EF34008827DF /* TSTableViewCell.swift */ = {isa = PBXFileReference; lastKnownFileType = sourcecode.swift; path = TSTableViewCell.swift; sourceTree = "<group>"; };
		4904925E2748EFA2008827DF /* HomeViewController.swift */ = {isa = PBXFileReference; lastKnownFileType = sourcecode.swift; path = HomeViewController.swift; sourceTree = "<group>"; };
		490492602748EFD1008827DF /* HomeTableView.swift */ = {isa = PBXFileReference; lastKnownFileType = sourcecode.swift; path = HomeTableView.swift; sourceTree = "<group>"; };
		490492622748F181008827DF /* TSEmptyBackgroundView.swift */ = {isa = PBXFileReference; lastKnownFileType = sourcecode.swift; path = TSEmptyBackgroundView.swift; sourceTree = "<group>"; };
		490492652748F23C008827DF /* ResumeReadingTableViewCell.swift */ = {isa = PBXFileReference; lastKnownFileType = sourcecode.swift; path = ResumeReadingTableViewCell.swift; sourceTree = "<group>"; };
		490492662748F23C008827DF /* ResumeReadingTableViewCell.xib */ = {isa = PBXFileReference; lastKnownFileType = file.xib; path = ResumeReadingTableViewCell.xib; sourceTree = "<group>"; };
		4904926A274910A3008827DF /* ResumeReadingCollectionViewCell.swift */ = {isa = PBXFileReference; lastKnownFileType = sourcecode.swift; path = ResumeReadingCollectionViewCell.swift; sourceTree = "<group>"; };
		4904926B274910A3008827DF /* ResumeReadingCollectionViewCell.xib */ = {isa = PBXFileReference; lastKnownFileType = file.xib; path = ResumeReadingCollectionViewCell.xib; sourceTree = "<group>"; };
		4904926E274910B8008827DF /* ResumeReadingCollectionView.swift */ = {isa = PBXFileReference; lastKnownFileType = sourcecode.swift; path = ResumeReadingCollectionView.swift; sourceTree = "<group>"; };
		4904927027491136008827DF /* TSModel.swift */ = {isa = PBXFileReference; lastKnownFileType = sourcecode.swift; path = TSModel.swift; sourceTree = "<group>"; };
		4904927327491172008827DF /* TSBook.swift */ = {isa = PBXFileReference; lastKnownFileType = sourcecode.swift; path = TSBook.swift; sourceTree = "<group>"; };
		4904927527491992008827DF /* NunitoSans-ExtraBold.ttf */ = {isa = PBXFileReference; lastKnownFileType = file; path = "NunitoSans-ExtraBold.ttf"; sourceTree = "<group>"; };
		4904927827492456008827DF /* UpdateComicTableViewCell.swift */ = {isa = PBXFileReference; lastKnownFileType = sourcecode.swift; path = UpdateComicTableViewCell.swift; sourceTree = "<group>"; };
		4904927927492456008827DF /* UpdateComicTableViewCell.xib */ = {isa = PBXFileReference; lastKnownFileType = file.xib; path = UpdateComicTableViewCell.xib; sourceTree = "<group>"; };
		4904927C27492809008827DF /* UpdateComicsCollectionView.swift */ = {isa = PBXFileReference; lastKnownFileType = sourcecode.swift; path = UpdateComicsCollectionView.swift; sourceTree = "<group>"; };
		4904927E27492858008827DF /* UpdateComicsCollectionViewCell.swift */ = {isa = PBXFileReference; lastKnownFileType = sourcecode.swift; path = UpdateComicsCollectionViewCell.swift; sourceTree = "<group>"; };
		4904927F27492858008827DF /* UpdateComicsCollectionViewCell.xib */ = {isa = PBXFileReference; lastKnownFileType = file.xib; path = UpdateComicsCollectionViewCell.xib; sourceTree = "<group>"; };
		4904928227492EB5008827DF /* ReleaseSoonTableViewCell.swift */ = {isa = PBXFileReference; lastKnownFileType = sourcecode.swift; path = ReleaseSoonTableViewCell.swift; sourceTree = "<group>"; };
		4904928327492EB5008827DF /* ReleaseSoonTableViewCell.xib */ = {isa = PBXFileReference; lastKnownFileType = file.xib; path = ReleaseSoonTableViewCell.xib; sourceTree = "<group>"; };
		490492862749311C008827DF /* ReleaseSoonCollectionView.swift */ = {isa = PBXFileReference; lastKnownFileType = sourcecode.swift; path = ReleaseSoonCollectionView.swift; sourceTree = "<group>"; };
		4904928827493337008827DF /* ReleaseSoonCollectionViewCell.swift */ = {isa = PBXFileReference; lastKnownFileType = sourcecode.swift; path = ReleaseSoonCollectionViewCell.swift; sourceTree = "<group>"; };
		4904928927493337008827DF /* ReleaseSoonCollectionViewCell.xib */ = {isa = PBXFileReference; lastKnownFileType = file.xib; path = ReleaseSoonCollectionViewCell.xib; sourceTree = "<group>"; };
		4904928C2749357A008827DF /* NunitoSans-SemiBold.ttf */ = {isa = PBXFileReference; lastKnownFileType = file; path = "NunitoSans-SemiBold.ttf"; sourceTree = "<group>"; };
		4904928E2749387F008827DF /* MostPopularComicTableViewCell.swift */ = {isa = PBXFileReference; lastKnownFileType = sourcecode.swift; path = MostPopularComicTableViewCell.swift; sourceTree = "<group>"; };
		4904928F2749387F008827DF /* MostPopularComicTableViewCell.xib */ = {isa = PBXFileReference; lastKnownFileType = file.xib; path = MostPopularComicTableViewCell.xib; sourceTree = "<group>"; };
		4904929227493A95008827DF /* MostPopularCollectionView.swift */ = {isa = PBXFileReference; lastKnownFileType = sourcecode.swift; path = MostPopularCollectionView.swift; sourceTree = "<group>"; };
		4904929427493B7B008827DF /* MostPopularCollectionViewCell.swift */ = {isa = PBXFileReference; lastKnownFileType = sourcecode.swift; path = MostPopularCollectionViewCell.swift; sourceTree = "<group>"; };
		4904929527493B7B008827DF /* MostPopularCollectionViewCell.xib */ = {isa = PBXFileReference; lastKnownFileType = file.xib; path = MostPopularCollectionViewCell.xib; sourceTree = "<group>"; };
		49049298274942ED008827DF /* ContinueReadingTableViewCell.swift */ = {isa = PBXFileReference; lastKnownFileType = sourcecode.swift; path = ContinueReadingTableViewCell.swift; sourceTree = "<group>"; };
		49049299274942ED008827DF /* ContinueReadingTableViewCell.xib */ = {isa = PBXFileReference; lastKnownFileType = file.xib; path = ContinueReadingTableViewCell.xib; sourceTree = "<group>"; };
		4904929C274943C8008827DF /* ContinueReadingCollectionView.swift */ = {isa = PBXFileReference; lastKnownFileType = sourcecode.swift; path = ContinueReadingCollectionView.swift; sourceTree = "<group>"; };
		4904929E274944B2008827DF /* ContinueReadingCollectionViewCell.swift */ = {isa = PBXFileReference; lastKnownFileType = sourcecode.swift; path = ContinueReadingCollectionViewCell.swift; sourceTree = "<group>"; };
		4904929F274944B2008827DF /* ContinueReadingCollectionViewCell.xib */ = {isa = PBXFileReference; lastKnownFileType = file.xib; path = ContinueReadingCollectionViewCell.xib; sourceTree = "<group>"; };
		490492A227494B0B008827DF /* NewReleaseTableViewCell.swift */ = {isa = PBXFileReference; lastKnownFileType = sourcecode.swift; path = NewReleaseTableViewCell.swift; sourceTree = "<group>"; };
		490492A327494B0B008827DF /* NewReleaseTableViewCell.xib */ = {isa = PBXFileReference; lastKnownFileType = file.xib; path = NewReleaseTableViewCell.xib; sourceTree = "<group>"; };
		49616459274E80B100F10ABE /* GenreCollectionView.swift */ = {isa = PBXFileReference; lastKnownFileType = sourcecode.swift; path = GenreCollectionView.swift; sourceTree = "<group>"; };
		4975553D274A58AE00FD2290 /* TSItem.swift */ = {isa = PBXFileReference; lastKnownFileType = sourcecode.swift; path = TSItem.swift; sourceTree = "<group>"; };
		4975553F274AC61800FD2290 /* BookListCollectionView.swift */ = {isa = PBXFileReference; lastKnownFileType = sourcecode.swift; path = BookListCollectionView.swift; sourceTree = "<group>"; };
		49755541274AC65E00FD2290 /* BookListCollectionViewCell.swift */ = {isa = PBXFileReference; lastKnownFileType = sourcecode.swift; path = BookListCollectionViewCell.swift; sourceTree = "<group>"; };
		49755542274AC65E00FD2290 /* BookListCollectionViewCell.xib */ = {isa = PBXFileReference; lastKnownFileType = file.xib; path = BookListCollectionViewCell.xib; sourceTree = "<group>"; };
		49A0E226274A1A63001F6CE9 /* DiscoverViewController.swift */ = {isa = PBXFileReference; lastKnownFileType = sourcecode.swift; path = DiscoverViewController.swift; sourceTree = "<group>"; };
		49A0E22A274A1B09001F6CE9 /* SliderCollectionView.swift */ = {isa = PBXFileReference; lastKnownFileType = sourcecode.swift; path = SliderCollectionView.swift; sourceTree = "<group>"; };
		49A0E22C274A1B21001F6CE9 /* SliderCollectionViewCell.swift */ = {isa = PBXFileReference; lastKnownFileType = sourcecode.swift; path = SliderCollectionViewCell.swift; sourceTree = "<group>"; };
		49A0E22D274A1B21001F6CE9 /* SliderCollectionViewCell.xib */ = {isa = PBXFileReference; lastKnownFileType = file.xib; path = SliderCollectionViewCell.xib; sourceTree = "<group>"; };
		8A233B61274C1A6D003BF645 /* GenreCollectionCell.swift */ = {isa = PBXFileReference; lastKnownFileType = sourcecode.swift; path = GenreCollectionCell.swift; sourceTree = "<group>"; };
		8A233B62274C1A6D003BF645 /* GenreCollectionCell.xib */ = {isa = PBXFileReference; lastKnownFileType = file.xib; path = GenreCollectionCell.xib; sourceTree = "<group>"; };
		8A233B66274C2ACF003BF645 /* ProfileViewController.swift */ = {isa = PBXFileReference; lastKnownFileType = sourcecode.swift; path = ProfileViewController.swift; sourceTree = "<group>"; };
		8A491FB3274EB54400D04A13 /* PDFViewController.swift */ = {isa = PBXFileReference; lastKnownFileType = sourcecode.swift; path = PDFViewController.swift; sourceTree = "<group>"; };
		8A52946C275C926200CBC055 /* GoogleService-Info.plist */ = {isa = PBXFileReference; fileEncoding = 4; lastKnownFileType = text.plist.xml; path = "GoogleService-Info.plist"; sourceTree = "<group>"; };
		8A5D8F07274D5182008A4105 /* ProfileTableView.swift */ = {isa = PBXFileReference; lastKnownFileType = sourcecode.swift; path = ProfileTableView.swift; sourceTree = "<group>"; };
		8A5D8F0A274D5549008A4105 /* MyListCollectionView.swift */ = {isa = PBXFileReference; lastKnownFileType = sourcecode.swift; path = MyListCollectionView.swift; sourceTree = "<group>"; };
		8A5D8F1B274D713C008A4105 /* MyListCollectionViewCell.swift */ = {isa = PBXFileReference; lastKnownFileType = sourcecode.swift; path = MyListCollectionViewCell.swift; sourceTree = "<group>"; };
		8A5D8F1C274D713C008A4105 /* MyListCollectionViewCell.xib */ = {isa = PBXFileReference; lastKnownFileType = file.xib; path = MyListCollectionViewCell.xib; sourceTree = "<group>"; };
		8A8D7EA12746BCCE0073E261 /* Toonstreet.app */ = {isa = PBXFileReference; explicitFileType = wrapper.application; includeInIndex = 0; path = Toonstreet.app; sourceTree = BUILT_PRODUCTS_DIR; };
		8A8D7EA42746BCCE0073E261 /* AppDelegate.swift */ = {isa = PBXFileReference; lastKnownFileType = sourcecode.swift; path = AppDelegate.swift; sourceTree = "<group>"; };
		8A8D7EA62746BCCE0073E261 /* SceneDelegate.swift */ = {isa = PBXFileReference; lastKnownFileType = sourcecode.swift; path = SceneDelegate.swift; sourceTree = "<group>"; };
		8A8D7EAB2746BCCE0073E261 /* Base */ = {isa = PBXFileReference; lastKnownFileType = file.storyboard; name = Base; path = Base.lproj/Main.storyboard; sourceTree = "<group>"; };
		8A8D7EAD2746BCCF0073E261 /* Assets.xcassets */ = {isa = PBXFileReference; lastKnownFileType = folder.assetcatalog; path = Assets.xcassets; sourceTree = "<group>"; };
		8A8D7EB02746BCCF0073E261 /* Base */ = {isa = PBXFileReference; lastKnownFileType = file.storyboard; name = Base; path = Base.lproj/LaunchScreen.storyboard; sourceTree = "<group>"; };
		8A8D7EB22746BCCF0073E261 /* Info.plist */ = {isa = PBXFileReference; lastKnownFileType = text.plist.xml; path = Info.plist; sourceTree = "<group>"; };
		8A8D7EBC2746BE2A0073E261 /* BaseViewController.swift */ = {isa = PBXFileReference; lastKnownFileType = sourcecode.swift; path = BaseViewController.swift; sourceTree = "<group>"; };
		8A8D7EC12746BFCC0073E261 /* TSTextField.swift */ = {isa = PBXFileReference; lastKnownFileType = sourcecode.swift; path = TSTextField.swift; sourceTree = "<group>"; };
		8A8D7EC32746C0410073E261 /* LoginViewController.swift */ = {isa = PBXFileReference; lastKnownFileType = sourcecode.swift; path = LoginViewController.swift; sourceTree = "<group>"; };
		8A8D7EC72746C6450073E261 /* NunitoSans-Bold.ttf */ = {isa = PBXFileReference; lastKnownFileType = file; path = "NunitoSans-Bold.ttf"; sourceTree = "<group>"; };
		8A8D7EC82746C6CD0073E261 /* NunitoSans-Regular.ttf */ = {isa = PBXFileReference; lastKnownFileType = file; path = "NunitoSans-Regular.ttf"; sourceTree = "<group>"; };
		8A8D7EC92746C7110073E261 /* AvenirLTStd-Black.otf */ = {isa = PBXFileReference; lastKnownFileType = file; path = "AvenirLTStd-Black.otf"; sourceTree = "<group>"; };
		8A8D7ECA2746C7110073E261 /* AvenirLTStd-Book.otf */ = {isa = PBXFileReference; lastKnownFileType = file; path = "AvenirLTStd-Book.otf"; sourceTree = "<group>"; };
		8A8D7ECB2746C8D90073E261 /* Constant.swift */ = {isa = PBXFileReference; fileEncoding = 4; lastKnownFileType = sourcecode.swift; path = Constant.swift; sourceTree = "<group>"; };
		8A8D7ECC2746C8D90073E261 /* Extension.swift */ = {isa = PBXFileReference; fileEncoding = 4; lastKnownFileType = sourcecode.swift; path = Extension.swift; sourceTree = "<group>"; };
		8A8D7ECF2746C8EC0073E261 /* TSLoader.swift */ = {isa = PBXFileReference; lastKnownFileType = sourcecode.swift; path = TSLoader.swift; sourceTree = "<group>"; };
		8A8D7ED52746D4590073E261 /* TSButton.swift */ = {isa = PBXFileReference; fileEncoding = 4; lastKnownFileType = sourcecode.swift; path = TSButton.swift; sourceTree = "<group>"; };
		8A8D7ED62746D4590073E261 /* TSLabel.swift */ = {isa = PBXFileReference; fileEncoding = 4; lastKnownFileType = sourcecode.swift; path = TSLabel.swift; sourceTree = "<group>"; };
		8A8D7ED72746D4590073E261 /* TSNavigationBar.swift */ = {isa = PBXFileReference; fileEncoding = 4; lastKnownFileType = sourcecode.swift; path = TSNavigationBar.swift; sourceTree = "<group>"; };
		8A8D7EDB2746D8670073E261 /* ValidationService.swift */ = {isa = PBXFileReference; fileEncoding = 4; lastKnownFileType = sourcecode.swift; path = ValidationService.swift; sourceTree = "<group>"; };
		8A8D7EDE2746DBD30073E261 /* TabBarController.swift */ = {isa = PBXFileReference; lastKnownFileType = sourcecode.swift; path = TabBarController.swift; sourceTree = "<group>"; };
		8A8D7EE12746E3140073E261 /* SignupViewController.swift */ = {isa = PBXFileReference; lastKnownFileType = sourcecode.swift; path = SignupViewController.swift; sourceTree = "<group>"; };
		8AA31530275E7B8800C437E3 /* TSEpisodes.swift */ = {isa = PBXFileReference; lastKnownFileType = sourcecode.swift; path = TSEpisodes.swift; sourceTree = "<group>"; };
		8AB3F143276E6FA0009595F7 /* TSImageManager.swift */ = {isa = PBXFileReference; lastKnownFileType = sourcecode.swift; path = TSImageManager.swift; sourceTree = "<group>"; };
		8AB5CD18274EAFF500A3F15E /* testcomic.pdf */ = {isa = PBXFileReference; lastKnownFileType = image.pdf; path = testcomic.pdf; sourceTree = "<group>"; };
		8AB7ECCD27494E9800455B31 /* DetailViewController.swift */ = {isa = PBXFileReference; lastKnownFileType = sourcecode.swift; path = DetailViewController.swift; sourceTree = "<group>"; };
		8AB7ECD22749549C00455B31 /* TSScollViewSegment.swift */ = {isa = PBXFileReference; lastKnownFileType = sourcecode.swift; path = TSScollViewSegment.swift; sourceTree = "<group>"; };
		8AB7ECD527496CE200455B31 /* EpisodesTableCell.swift */ = {isa = PBXFileReference; lastKnownFileType = sourcecode.swift; path = EpisodesTableCell.swift; sourceTree = "<group>"; };
		8AB7ECD627496CE200455B31 /* EpisodesTableCell.xib */ = {isa = PBXFileReference; lastKnownFileType = file.xib; path = EpisodesTableCell.xib; sourceTree = "<group>"; };
		8AB9DCD2274EC0F700949BC7 /* TSUser.swift */ = {isa = PBXFileReference; fileEncoding = 4; lastKnownFileType = sourcecode.swift; path = TSUser.swift; sourceTree = "<group>"; };
		8ACE002B274D7A2E00063BF2 /* ProfileComicTableCell.swift */ = {isa = PBXFileReference; lastKnownFileType = sourcecode.swift; path = ProfileComicTableCell.swift; sourceTree = "<group>"; };
		8ACE002C274D7A2E00063BF2 /* ProfileComicTableCell.xib */ = {isa = PBXFileReference; lastKnownFileType = file.xib; path = ProfileComicTableCell.xib; sourceTree = "<group>"; };
		8ACE0030274D7C3A00063BF2 /* MyListTableViewCell.swift */ = {isa = PBXFileReference; fileEncoding = 4; lastKnownFileType = sourcecode.swift; path = MyListTableViewCell.swift; sourceTree = "<group>"; };
		8ACE0031274D7C3A00063BF2 /* MyListTableViewCell.xib */ = {isa = PBXFileReference; fileEncoding = 4; lastKnownFileType = file.xib; path = MyListTableViewCell.xib; sourceTree = "<group>"; };
		8ACE0035274D7D8600063BF2 /* BuyCoinViewController.swift */ = {isa = PBXFileReference; lastKnownFileType = sourcecode.swift; path = BuyCoinViewController.swift; sourceTree = "<group>"; };
		8ACE0038274D7E8B00063BF2 /* CoinTableCell.swift */ = {isa = PBXFileReference; lastKnownFileType = sourcecode.swift; path = CoinTableCell.swift; sourceTree = "<group>"; };
		8ACE0039274D7E8B00063BF2 /* CoinTableCell.xib */ = {isa = PBXFileReference; lastKnownFileType = file.xib; path = CoinTableCell.xib; sourceTree = "<group>"; };
		8AFC038D276D2F29008E48C1 /* TSFirebaseAPI.swift */ = {isa = PBXFileReference; lastKnownFileType = sourcecode.swift; path = TSFirebaseAPI.swift; sourceTree = "<group>"; };
		AB3D1FD60C1563D85DDADEA5 /* Pods-Toonstreet.debug.xcconfig */ = {isa = PBXFileReference; includeInIndex = 1; lastKnownFileType = text.xcconfig; name = "Pods-Toonstreet.debug.xcconfig"; path = "Target Support Files/Pods-Toonstreet/Pods-Toonstreet.debug.xcconfig"; sourceTree = "<group>"; };
		C2A41D6B45D93EDAF33971B6 /* Pods-Toonstreet.release.xcconfig */ = {isa = PBXFileReference; includeInIndex = 1; lastKnownFileType = text.xcconfig; name = "Pods-Toonstreet.release.xcconfig"; path = "Target Support Files/Pods-Toonstreet/Pods-Toonstreet.release.xcconfig"; sourceTree = "<group>"; };
/* End PBXFileReference section */

/* Begin PBXFrameworksBuildPhase section */
		8A8D7E9E2746BCCE0073E261 /* Frameworks */ = {
			isa = PBXFrameworksBuildPhase;
			buildActionMask = 2147483647;
			files = (
				9DBFF594EC95984D7A1EBEDC /* Pods_Toonstreet.framework in Frameworks */,
			);
			runOnlyForDeploymentPostprocessing = 0;
		};
/* End PBXFrameworksBuildPhase section */

/* Begin PBXGroup section */
		4904924F2748E388008827DF /* TSTabbarController */ = {
			isa = PBXGroup;
			children = (
				490492512748E388008827DF /* TSTabItem.swift */,
				490492502748E388008827DF /* TSTabNavigationMenu.swift */,
				490492522748E388008827DF /* TSTabBarControllerViewController.swift */,
			);
			path = TSTabbarController;
			sourceTree = "<group>";
		};
		490492572748EEED008827DF /* TSTableViewCell */ = {
			isa = PBXGroup;
			children = (
				4904925B2748EF34008827DF /* TSTableViewCell.swift */,
			);
			path = TSTableViewCell;
			sourceTree = "<group>";
		};
		490492582748EEED008827DF /* TSTableView */ = {
			isa = PBXGroup;
			children = (
				490492592748EF04008827DF /* TSTableView.swift */,
			);
			path = TSTableView;
			sourceTree = "<group>";
		};
		4904925D2748EF86008827DF /* HomeViewController */ = {
			isa = PBXGroup;
			children = (
				4904925E2748EFA2008827DF /* HomeViewController.swift */,
				490492602748EFD1008827DF /* HomeTableView.swift */,
				49049277274923DA008827DF /* CollectionView */,
				490492692749105D008827DF /* CollectionViewCell */,
				490492642748F215008827DF /* TableViewCell */,
			);
			path = HomeViewController;
			sourceTree = "<group>";
		};
		490492642748F215008827DF /* TableViewCell */ = {
			isa = PBXGroup;
			children = (
				490492652748F23C008827DF /* ResumeReadingTableViewCell.swift */,
				490492662748F23C008827DF /* ResumeReadingTableViewCell.xib */,
				4904927827492456008827DF /* UpdateComicTableViewCell.swift */,
				4904927927492456008827DF /* UpdateComicTableViewCell.xib */,
				4904928227492EB5008827DF /* ReleaseSoonTableViewCell.swift */,
				4904928327492EB5008827DF /* ReleaseSoonTableViewCell.xib */,
				4904928E2749387F008827DF /* MostPopularComicTableViewCell.swift */,
				4904928F2749387F008827DF /* MostPopularComicTableViewCell.xib */,
				49049298274942ED008827DF /* ContinueReadingTableViewCell.swift */,
				49049299274942ED008827DF /* ContinueReadingTableViewCell.xib */,
				490492A227494B0B008827DF /* NewReleaseTableViewCell.swift */,
				490492A327494B0B008827DF /* NewReleaseTableViewCell.xib */,
			);
			path = TableViewCell;
			sourceTree = "<group>";
		};
		490492692749105D008827DF /* CollectionViewCell */ = {
			isa = PBXGroup;
			children = (
				4904926A274910A3008827DF /* ResumeReadingCollectionViewCell.swift */,
				4904926B274910A3008827DF /* ResumeReadingCollectionViewCell.xib */,
				4904927E27492858008827DF /* UpdateComicsCollectionViewCell.swift */,
				4904927F27492858008827DF /* UpdateComicsCollectionViewCell.xib */,
				4904928827493337008827DF /* ReleaseSoonCollectionViewCell.swift */,
				4904928927493337008827DF /* ReleaseSoonCollectionViewCell.xib */,
				4904929427493B7B008827DF /* MostPopularCollectionViewCell.swift */,
				4904929527493B7B008827DF /* MostPopularCollectionViewCell.xib */,
				4904929E274944B2008827DF /* ContinueReadingCollectionViewCell.swift */,
				4904929F274944B2008827DF /* ContinueReadingCollectionViewCell.xib */,
			);
			path = CollectionViewCell;
			sourceTree = "<group>";
		};
		4904927227491161008827DF /* Model */ = {
			isa = PBXGroup;
			children = (
				4904927327491172008827DF /* TSBook.swift */,
				4975553D274A58AE00FD2290 /* TSItem.swift */,
				8AA31530275E7B8800C437E3 /* TSEpisodes.swift */,
			);
			path = Model;
			sourceTree = "<group>";
		};
		49049277274923DA008827DF /* CollectionView */ = {
			isa = PBXGroup;
			children = (
				4904926E274910B8008827DF /* ResumeReadingCollectionView.swift */,
				4904927C27492809008827DF /* UpdateComicsCollectionView.swift */,
				490492862749311C008827DF /* ReleaseSoonCollectionView.swift */,
				4904929227493A95008827DF /* MostPopularCollectionView.swift */,
				4904929C274943C8008827DF /* ContinueReadingCollectionView.swift */,
			);
			path = CollectionView;
			sourceTree = "<group>";
		};
		49A0E225274A1A39001F6CE9 /* DiscoverViewController */ = {
			isa = PBXGroup;
			children = (
				49A0E226274A1A63001F6CE9 /* DiscoverViewController.swift */,
				49A0E229274A1AE5001F6CE9 /* CollectionViewCell */,
				49A0E228274A1ADD001F6CE9 /* CollectionView */,
			);
			path = DiscoverViewController;
			sourceTree = "<group>";
		};
		49A0E228274A1ADD001F6CE9 /* CollectionView */ = {
			isa = PBXGroup;
			children = (
				49A0E22A274A1B09001F6CE9 /* SliderCollectionView.swift */,
				4975553F274AC61800FD2290 /* BookListCollectionView.swift */,
			);
			path = CollectionView;
			sourceTree = "<group>";
		};
		49A0E229274A1AE5001F6CE9 /* CollectionViewCell */ = {
			isa = PBXGroup;
			children = (
				49A0E22C274A1B21001F6CE9 /* SliderCollectionViewCell.swift */,
				49A0E22D274A1B21001F6CE9 /* SliderCollectionViewCell.xib */,
				49755541274AC65E00FD2290 /* BookListCollectionViewCell.swift */,
				49755542274AC65E00FD2290 /* BookListCollectionViewCell.xib */,
			);
			path = CollectionViewCell;
			sourceTree = "<group>";
		};
		5ED2377708D26E4568B573AE /* Frameworks */ = {
			isa = PBXGroup;
			children = (
				06AC0994BB852D3AC488D49A /* Pods_Toonstreet.framework */,
			);
			name = Frameworks;
			sourceTree = "<group>";
		};
		8A233B60274C1A4C003BF645 /* GenreCollectionCell */ = {
			isa = PBXGroup;
			children = (
				8A233B61274C1A6D003BF645 /* GenreCollectionCell.swift */,
				8A233B62274C1A6D003BF645 /* GenreCollectionCell.xib */,
			);
			path = GenreCollectionCell;
			sourceTree = "<group>";
		};
		8A233B65274C2AB8003BF645 /* ProfileViewController */ = {
			isa = PBXGroup;
			children = (
				8ACE002F274D7C2B00063BF2 /* MyListTableViewCell */,
				8ACE002A274D7A0700063BF2 /* ProfileComicTableCell */,
				8A5D8F1A274D7123008A4105 /* MyListCollectionViewCell */,
				8A5D8F09274D551E008A4105 /* CollectionView */,
				8A5D8F06274D515C008A4105 /* ProfileTableView */,
				8A233B66274C2ACF003BF645 /* ProfileViewController.swift */,
			);
			path = ProfileViewController;
			sourceTree = "<group>";
		};
		8A5D8F06274D515C008A4105 /* ProfileTableView */ = {
			isa = PBXGroup;
			children = (
				8A5D8F07274D5182008A4105 /* ProfileTableView.swift */,
			);
			path = ProfileTableView;
			sourceTree = "<group>";
		};
		8A5D8F09274D551E008A4105 /* CollectionView */ = {
			isa = PBXGroup;
			children = (
				8A5D8F0A274D5549008A4105 /* MyListCollectionView.swift */,
			);
			path = CollectionView;
			sourceTree = "<group>";
		};
		8A5D8F1A274D7123008A4105 /* MyListCollectionViewCell */ = {
			isa = PBXGroup;
			children = (
				8A5D8F1B274D713C008A4105 /* MyListCollectionViewCell.swift */,
				8A5D8F1C274D713C008A4105 /* MyListCollectionViewCell.xib */,
			);
			path = MyListCollectionViewCell;
			sourceTree = "<group>";
		};
		8A8D7E982746BCCE0073E261 = {
			isa = PBXGroup;
			children = (
				8A8D7EA32746BCCE0073E261 /* Toonstreet */,
				8A8D7EA22746BCCE0073E261 /* Products */,
				C7C79FB2E898991FEFA6D71C /* Pods */,
				5ED2377708D26E4568B573AE /* Frameworks */,
			);
			sourceTree = "<group>";
		};
		8A8D7EA22746BCCE0073E261 /* Products */ = {
			isa = PBXGroup;
			children = (
				8A8D7EA12746BCCE0073E261 /* Toonstreet.app */,
			);
			name = Products;
			sourceTree = "<group>";
		};
		8A8D7EA32746BCCE0073E261 /* Toonstreet */ = {
			isa = PBXGroup;
			children = (
				8A52946C275C926200CBC055 /* GoogleService-Info.plist */,
				4904927227491161008827DF /* Model */,
				8A8D7EC62746C6320073E261 /* Assets */,
				8A8D7EC52746C4C80073E261 /* Utils */,
				8A8D7EC02746BF910073E261 /* Controllers */,
				8A8D7EBA2746BD3E0073E261 /* ViewController */,
				8A8D7EA42746BCCE0073E261 /* AppDelegate.swift */,
				8A8D7EA62746BCCE0073E261 /* SceneDelegate.swift */,
				8A8D7EAA2746BCCE0073E261 /* Main.storyboard */,
				8A8D7EAD2746BCCF0073E261 /* Assets.xcassets */,
				8A8D7EAF2746BCCF0073E261 /* LaunchScreen.storyboard */,
				8A8D7EB22746BCCF0073E261 /* Info.plist */,
			);
			path = Toonstreet;
			sourceTree = "<group>";
		};
		8A8D7EBA2746BD3E0073E261 /* ViewController */ = {
			isa = PBXGroup;
			children = (
				8AB5CD1D274EB23F00A3F15E /* PDFViewController */,
				8ACE0034274D7D7200063BF2 /* BuyCoinViewController */,
				8A233B65274C2AB8003BF645 /* ProfileViewController */,
				49A0E225274A1A39001F6CE9 /* DiscoverViewController */,
				8AB7ECCC27494E7600455B31 /* DetailViewController */,
				4904925D2748EF86008827DF /* HomeViewController */,
				8A8D7EE02746E3000073E261 /* SignupViewController */,
				8A8D7EDD2746DBB20073E261 /* TabBarController */,
				8A8D7EBF2746BE420073E261 /* LoginViewController */,
				8A8D7EBB2746BE140073E261 /* BaseViewController */,
			);
			path = ViewController;
			sourceTree = "<group>";
		};
		8A8D7EBB2746BE140073E261 /* BaseViewController */ = {
			isa = PBXGroup;
			children = (
				8A8D7EBC2746BE2A0073E261 /* BaseViewController.swift */,
			);
			path = BaseViewController;
			sourceTree = "<group>";
		};
		8A8D7EBF2746BE420073E261 /* LoginViewController */ = {
			isa = PBXGroup;
			children = (
				8A8D7EC32746C0410073E261 /* LoginViewController.swift */,
			);
			path = LoginViewController;
			sourceTree = "<group>";
		};
		8A8D7EC02746BF910073E261 /* Controllers */ = {
			isa = PBXGroup;
			children = (
				8AB7ECCF2749546B00455B31 /* TSScollViewSegment */,
				490492582748EEED008827DF /* TSTableView */,
				490492572748EEED008827DF /* TSTableViewCell */,
				4904924F2748E388008827DF /* TSTabbarController */,
				8A8D7EC12746BFCC0073E261 /* TSTextField.swift */,
			);
			path = Controllers;
			sourceTree = "<group>";
		};
		8A8D7EC52746C4C80073E261 /* Utils */ = {
			isa = PBXGroup;
			children = (
				8AB9DCD2274EC0F700949BC7 /* TSUser.swift */,
				8A8D7EDB2746D8670073E261 /* ValidationService.swift */,
				4904927027491136008827DF /* TSModel.swift */,
				8A8D7ED52746D4590073E261 /* TSButton.swift */,
				8A8D7ED62746D4590073E261 /* TSLabel.swift */,
				8A8D7ED72746D4590073E261 /* TSNavigationBar.swift */,
				8A8D7ECB2746C8D90073E261 /* Constant.swift */,
				8A8D7ECC2746C8D90073E261 /* Extension.swift */,
				8A8D7ECF2746C8EC0073E261 /* TSLoader.swift */,
				490492622748F181008827DF /* TSEmptyBackgroundView.swift */,
				8AFC038D276D2F29008E48C1 /* TSFirebaseAPI.swift */,
				8AB3F143276E6FA0009595F7 /* TSImageManager.swift */,
			);
			path = Utils;
			sourceTree = "<group>";
		};
		8A8D7EC62746C6320073E261 /* Assets */ = {
			isa = PBXGroup;
			children = (
				8AB5CD18274EAFF500A3F15E /* testcomic.pdf */,
				8A8D7EC72746C6450073E261 /* NunitoSans-Bold.ttf */,
				8A8D7EC92746C7110073E261 /* AvenirLTStd-Black.otf */,
				8A8D7ECA2746C7110073E261 /* AvenirLTStd-Book.otf */,
				8A8D7EC82746C6CD0073E261 /* NunitoSans-Regular.ttf */,
				4904927527491992008827DF /* NunitoSans-ExtraBold.ttf */,
				4904928C2749357A008827DF /* NunitoSans-SemiBold.ttf */,
			);
			path = Assets;
			sourceTree = "<group>";
		};
		8A8D7EDD2746DBB20073E261 /* TabBarController */ = {
			isa = PBXGroup;
			children = (
				8A8D7EDE2746DBD30073E261 /* TabBarController.swift */,
			);
			path = TabBarController;
			sourceTree = "<group>";
		};
		8A8D7EE02746E3000073E261 /* SignupViewController */ = {
			isa = PBXGroup;
			children = (
				8A8D7EE12746E3140073E261 /* SignupViewController.swift */,
			);
			path = SignupViewController;
			sourceTree = "<group>";
		};
		8AB5CD1D274EB23F00A3F15E /* PDFViewController */ = {
			isa = PBXGroup;
			children = (
				8A491FB3274EB54400D04A13 /* PDFViewController.swift */,
			);
			path = PDFViewController;
			sourceTree = "<group>";
		};
		8AB7ECCC27494E7600455B31 /* DetailViewController */ = {
			isa = PBXGroup;
			children = (
				8A233B60274C1A4C003BF645 /* GenreCollectionCell */,
				8AB7ECD427496CBA00455B31 /* EpisodesTableCell */,
				8AB7ECCD27494E9800455B31 /* DetailViewController.swift */,
				49616459274E80B100F10ABE /* GenreCollectionView.swift */,
			);
			path = DetailViewController;
			sourceTree = "<group>";
		};
		8AB7ECCF2749546B00455B31 /* TSScollViewSegment */ = {
			isa = PBXGroup;
			children = (
				8AB7ECD22749549C00455B31 /* TSScollViewSegment.swift */,
			);
			path = TSScollViewSegment;
			sourceTree = "<group>";
		};
		8AB7ECD427496CBA00455B31 /* EpisodesTableCell */ = {
			isa = PBXGroup;
			children = (
				8AB7ECD527496CE200455B31 /* EpisodesTableCell.swift */,
				8AB7ECD627496CE200455B31 /* EpisodesTableCell.xib */,
			);
			path = EpisodesTableCell;
			sourceTree = "<group>";
		};
		8ACE002A274D7A0700063BF2 /* ProfileComicTableCell */ = {
			isa = PBXGroup;
			children = (
				8ACE002B274D7A2E00063BF2 /* ProfileComicTableCell.swift */,
				8ACE002C274D7A2E00063BF2 /* ProfileComicTableCell.xib */,
			);
			path = ProfileComicTableCell;
			sourceTree = "<group>";
		};
		8ACE002F274D7C2B00063BF2 /* MyListTableViewCell */ = {
			isa = PBXGroup;
			children = (
				8ACE0030274D7C3A00063BF2 /* MyListTableViewCell.swift */,
				8ACE0031274D7C3A00063BF2 /* MyListTableViewCell.xib */,
			);
			path = MyListTableViewCell;
			sourceTree = "<group>";
		};
		8ACE0034274D7D7200063BF2 /* BuyCoinViewController */ = {
			isa = PBXGroup;
			children = (
				8ACE0037274D7E7300063BF2 /* CoinTableCell */,
				8ACE0035274D7D8600063BF2 /* BuyCoinViewController.swift */,
			);
			path = BuyCoinViewController;
			sourceTree = "<group>";
		};
		8ACE0037274D7E7300063BF2 /* CoinTableCell */ = {
			isa = PBXGroup;
			children = (
				8ACE0038274D7E8B00063BF2 /* CoinTableCell.swift */,
				8ACE0039274D7E8B00063BF2 /* CoinTableCell.xib */,
			);
			path = CoinTableCell;
			sourceTree = "<group>";
		};
		C7C79FB2E898991FEFA6D71C /* Pods */ = {
			isa = PBXGroup;
			children = (
				AB3D1FD60C1563D85DDADEA5 /* Pods-Toonstreet.debug.xcconfig */,
				C2A41D6B45D93EDAF33971B6 /* Pods-Toonstreet.release.xcconfig */,
			);
			path = Pods;
			sourceTree = "<group>";
		};
/* End PBXGroup section */

/* Begin PBXNativeTarget section */
		8A8D7EA02746BCCE0073E261 /* Toonstreet */ = {
			isa = PBXNativeTarget;
			buildConfigurationList = 8A8D7EB52746BCCF0073E261 /* Build configuration list for PBXNativeTarget "Toonstreet" */;
			buildPhases = (
				73D800AD5E04AA09EA9B2413 /* [CP] Check Pods Manifest.lock */,
				8A8D7E9D2746BCCE0073E261 /* Sources */,
				8A8D7E9E2746BCCE0073E261 /* Frameworks */,
				8A8D7E9F2746BCCE0073E261 /* Resources */,
				975F5D38C352D9FEC74290B5 /* [CP] Embed Pods Frameworks */,
			);
			buildRules = (
			);
			dependencies = (
			);
			name = Toonstreet;
			productName = Toonstreet;
			productReference = 8A8D7EA12746BCCE0073E261 /* Toonstreet.app */;
			productType = "com.apple.product-type.application";
		};
/* End PBXNativeTarget section */

/* Begin PBXProject section */
		8A8D7E992746BCCE0073E261 /* Project object */ = {
			isa = PBXProject;
			attributes = {
				BuildIndependentTargetsInParallel = 1;
				LastSwiftUpdateCheck = 1300;
				LastUpgradeCheck = 1300;
				TargetAttributes = {
					8A8D7EA02746BCCE0073E261 = {
						CreatedOnToolsVersion = 13.0;
					};
				};
			};
			buildConfigurationList = 8A8D7E9C2746BCCE0073E261 /* Build configuration list for PBXProject "Toonstreet" */;
			compatibilityVersion = "Xcode 13.0";
			developmentRegion = en;
			hasScannedForEncodings = 0;
			knownRegions = (
				en,
				Base,
			);
			mainGroup = 8A8D7E982746BCCE0073E261;
			productRefGroup = 8A8D7EA22746BCCE0073E261 /* Products */;
			projectDirPath = "";
			projectRoot = "";
			targets = (
				8A8D7EA02746BCCE0073E261 /* Toonstreet */,
			);
		};
/* End PBXProject section */

/* Begin PBXResourcesBuildPhase section */
		8A8D7E9F2746BCCE0073E261 /* Resources */ = {
			isa = PBXResourcesBuildPhase;
			buildActionMask = 2147483647;
			files = (
				4904929B274942ED008827DF /* ContinueReadingTableViewCell.xib in Resources */,
				8ACE0033274D7C3A00063BF2 /* MyListTableViewCell.xib in Resources */,
				8A8D7EB12746BCCF0073E261 /* LaunchScreen.storyboard in Resources */,
				4904928D2749357A008827DF /* NunitoSans-SemiBold.ttf in Resources */,
				8A5D8F1E274D713C008A4105 /* MyListCollectionViewCell.xib in Resources */,
				8ACE003B274D7E8B00063BF2 /* CoinTableCell.xib in Resources */,
				490492A1274944B2008827DF /* ContinueReadingCollectionViewCell.xib in Resources */,
				4904927B27492456008827DF /* UpdateComicTableViewCell.xib in Resources */,
				4904928127492858008827DF /* UpdateComicsCollectionViewCell.xib in Resources */,
				8A8D7EAE2746BCCF0073E261 /* Assets.xcassets in Resources */,
				8A233B64274C1A6D003BF645 /* GenreCollectionCell.xib in Resources */,
				490492A527494B0B008827DF /* NewReleaseTableViewCell.xib in Resources */,
				490492682748F23C008827DF /* ResumeReadingTableViewCell.xib in Resources */,
				8A8D7ED42746D4280073E261 /* AvenirLTStd-Book.otf in Resources */,
				8A8D7ED32746D4280073E261 /* NunitoSans-Regular.ttf in Resources */,
				49755544274AC65E00FD2290 /* BookListCollectionViewCell.xib in Resources */,
				490492912749387F008827DF /* MostPopularComicTableViewCell.xib in Resources */,
				8A52946D275C926200CBC055 /* GoogleService-Info.plist in Resources */,
				8AB5CD19274EAFF500A3F15E /* testcomic.pdf in Resources */,
				8ACE002E274D7A2E00063BF2 /* ProfileComicTableCell.xib in Resources */,
				4904926D274910A3008827DF /* ResumeReadingCollectionViewCell.xib in Resources */,
				8AB7ECD827496CE200455B31 /* EpisodesTableCell.xib in Resources */,
				8A8D7ED22746D4280073E261 /* NunitoSans-Bold.ttf in Resources */,
				4904928B27493337008827DF /* ReleaseSoonCollectionViewCell.xib in Resources */,
				4904929727493B7B008827DF /* MostPopularCollectionViewCell.xib in Resources */,
				4904928527492EB5008827DF /* ReleaseSoonTableViewCell.xib in Resources */,
				4904927627491992008827DF /* NunitoSans-ExtraBold.ttf in Resources */,
				8A8D7ED12746D4280073E261 /* AvenirLTStd-Black.otf in Resources */,
				8A8D7EAC2746BCCE0073E261 /* Main.storyboard in Resources */,
				49A0E22F274A1B21001F6CE9 /* SliderCollectionViewCell.xib in Resources */,
			);
			runOnlyForDeploymentPostprocessing = 0;
		};
/* End PBXResourcesBuildPhase section */

/* Begin PBXShellScriptBuildPhase section */
		73D800AD5E04AA09EA9B2413 /* [CP] Check Pods Manifest.lock */ = {
			isa = PBXShellScriptBuildPhase;
			buildActionMask = 2147483647;
			files = (
			);
			inputFileListPaths = (
			);
			inputPaths = (
				"${PODS_PODFILE_DIR_PATH}/Podfile.lock",
				"${PODS_ROOT}/Manifest.lock",
			);
			name = "[CP] Check Pods Manifest.lock";
			outputFileListPaths = (
			);
			outputPaths = (
				"$(DERIVED_FILE_DIR)/Pods-Toonstreet-checkManifestLockResult.txt",
			);
			runOnlyForDeploymentPostprocessing = 0;
			shellPath = /bin/sh;
			shellScript = "diff \"${PODS_PODFILE_DIR_PATH}/Podfile.lock\" \"${PODS_ROOT}/Manifest.lock\" > /dev/null\nif [ $? != 0 ] ; then\n    # print error to STDERR\n    echo \"error: The sandbox is not in sync with the Podfile.lock. Run 'pod install' or update your CocoaPods installation.\" >&2\n    exit 1\nfi\n# This output is used by Xcode 'outputs' to avoid re-running this script phase.\necho \"SUCCESS\" > \"${SCRIPT_OUTPUT_FILE_0}\"\n";
			showEnvVarsInLog = 0;
		};
		975F5D38C352D9FEC74290B5 /* [CP] Embed Pods Frameworks */ = {
			isa = PBXShellScriptBuildPhase;
			buildActionMask = 2147483647;
			files = (
			);
			inputFileListPaths = (
				"${PODS_ROOT}/Target Support Files/Pods-Toonstreet/Pods-Toonstreet-frameworks-${CONFIGURATION}-input-files.xcfilelist",
			);
			name = "[CP] Embed Pods Frameworks";
			outputFileListPaths = (
				"${PODS_ROOT}/Target Support Files/Pods-Toonstreet/Pods-Toonstreet-frameworks-${CONFIGURATION}-output-files.xcfilelist",
			);
			runOnlyForDeploymentPostprocessing = 0;
			shellPath = /bin/sh;
			shellScript = "\"${PODS_ROOT}/Target Support Files/Pods-Toonstreet/Pods-Toonstreet-frameworks.sh\"\n";
			showEnvVarsInLog = 0;
		};
/* End PBXShellScriptBuildPhase section */

/* Begin PBXSourcesBuildPhase section */
		8A8D7E9D2746BCCE0073E261 /* Sources */ = {
			isa = PBXSourcesBuildPhase;
			buildActionMask = 2147483647;
			files = (
				4904927127491136008827DF /* TSModel.swift in Sources */,
				8AB7ECCE27494E9800455B31 /* DetailViewController.swift in Sources */,
				490492A0274944B2008827DF /* ContinueReadingCollectionViewCell.swift in Sources */,
				8ACE003A274D7E8B00063BF2 /* CoinTableCell.swift in Sources */,
				8AFC038E276D2F29008E48C1 /* TSFirebaseAPI.swift in Sources */,
				490492872749311C008827DF /* ReleaseSoonCollectionView.swift in Sources */,
				8A5D8F0B274D5549008A4105 /* MyListCollectionView.swift in Sources */,
				490492612748EFD1008827DF /* HomeTableView.swift in Sources */,
				8A8D7EDA2746D4590073E261 /* TSNavigationBar.swift in Sources */,
				8A8D7EDF2746DBD30073E261 /* TabBarController.swift in Sources */,
				8AB7ECD727496CE200455B31 /* EpisodesTableCell.swift in Sources */,
				490492672748F23C008827DF /* ResumeReadingTableViewCell.swift in Sources */,
				8A8D7EBD2746BE2A0073E261 /* BaseViewController.swift in Sources */,
				4904929627493B7B008827DF /* MostPopularCollectionViewCell.swift in Sources */,
				49755540274AC61800FD2290 /* BookListCollectionView.swift in Sources */,
				8AA31531275E7B8800C437E3 /* TSEpisodes.swift in Sources */,
				8A8D7EDC2746D8670073E261 /* ValidationService.swift in Sources */,
				8A491FB4274EB54400D04A13 /* PDFViewController.swift in Sources */,
				8A5D8F08274D5182008A4105 /* ProfileTableView.swift in Sources */,
				4904928027492858008827DF /* UpdateComicsCollectionViewCell.swift in Sources */,
				8A8D7ED92746D4590073E261 /* TSLabel.swift in Sources */,
				490492902749387F008827DF /* MostPopularComicTableViewCell.swift in Sources */,
				490492532748E388008827DF /* TSTabNavigationMenu.swift in Sources */,
				8A8D7EA52746BCCE0073E261 /* AppDelegate.swift in Sources */,
				490492542748E388008827DF /* TSTabItem.swift in Sources */,
				4904925A2748EF04008827DF /* TSTableView.swift in Sources */,
				49A0E22E274A1B21001F6CE9 /* SliderCollectionViewCell.swift in Sources */,
				8A8D7ED82746D4590073E261 /* TSButton.swift in Sources */,
				4904929327493A95008827DF /* MostPopularCollectionView.swift in Sources */,
				4904929D274943C8008827DF /* ContinueReadingCollectionView.swift in Sources */,
				8A233B67274C2ACF003BF645 /* ProfileViewController.swift in Sources */,
				8A8D7ECE2746C8D90073E261 /* Extension.swift in Sources */,
				8A8D7EE22746E3140073E261 /* SignupViewController.swift in Sources */,
				8A5D8F1D274D713C008A4105 /* MyListCollectionViewCell.swift in Sources */,
				49A0E227274A1A63001F6CE9 /* DiscoverViewController.swift in Sources */,
				490492552748E388008827DF /* TSTabBarControllerViewController.swift in Sources */,
				8A8D7EA72746BCCE0073E261 /* SceneDelegate.swift in Sources */,
				4904925C2748EF34008827DF /* TSTableViewCell.swift in Sources */,
				49755543274AC65E00FD2290 /* BookListCollectionViewCell.swift in Sources */,
				8A233B63274C1A6D003BF645 /* GenreCollectionCell.swift in Sources */,
				4904925F2748EFA2008827DF /* HomeViewController.swift in Sources */,
				4904926C274910A3008827DF /* ResumeReadingCollectionViewCell.swift in Sources */,
				4975553E274A58AE00FD2290 /* TSItem.swift in Sources */,
				8A8D7EC42746C0410073E261 /* LoginViewController.swift in Sources */,
				4904928A27493337008827DF /* ReleaseSoonCollectionViewCell.swift in Sources */,
				4961645A274E80B100F10ABE /* GenreCollectionView.swift in Sources */,
				8ACE0036274D7D8600063BF2 /* BuyCoinViewController.swift in Sources */,
				4904927D27492809008827DF /* UpdateComicsCollectionView.swift in Sources */,
				490492A427494B0B008827DF /* NewReleaseTableViewCell.swift in Sources */,
				8ACE002D274D7A2E00063BF2 /* ProfileComicTableCell.swift in Sources */,
				8AB9DCD3274EC0F800949BC7 /* TSUser.swift in Sources */,
				8A8D7EC22746BFCC0073E261 /* TSTextField.swift in Sources */,
				8AB3F144276E6FA0009595F7 /* TSImageManager.swift in Sources */,
				49A0E22B274A1B09001F6CE9 /* SliderCollectionView.swift in Sources */,
				490492632748F181008827DF /* TSEmptyBackgroundView.swift in Sources */,
				4904927427491172008827DF /* TSBook.swift in Sources */,
				8A8D7ECD2746C8D90073E261 /* Constant.swift in Sources */,
				8ACE0032274D7C3A00063BF2 /* MyListTableViewCell.swift in Sources */,
				4904926F274910B8008827DF /* ResumeReadingCollectionView.swift in Sources */,
				8AB7ECD32749549C00455B31 /* TSScollViewSegment.swift in Sources */,
				4904927A27492456008827DF /* UpdateComicTableViewCell.swift in Sources */,
				4904928427492EB5008827DF /* ReleaseSoonTableViewCell.swift in Sources */,
				8A8D7ED02746C8EC0073E261 /* TSLoader.swift in Sources */,
				4904929A274942ED008827DF /* ContinueReadingTableViewCell.swift in Sources */,
			);
			runOnlyForDeploymentPostprocessing = 0;
		};
/* End PBXSourcesBuildPhase section */

/* Begin PBXVariantGroup section */
		8A8D7EAA2746BCCE0073E261 /* Main.storyboard */ = {
			isa = PBXVariantGroup;
			children = (
				8A8D7EAB2746BCCE0073E261 /* Base */,
			);
			name = Main.storyboard;
			sourceTree = "<group>";
		};
		8A8D7EAF2746BCCF0073E261 /* LaunchScreen.storyboard */ = {
			isa = PBXVariantGroup;
			children = (
				8A8D7EB02746BCCF0073E261 /* Base */,
			);
			name = LaunchScreen.storyboard;
			sourceTree = "<group>";
		};
/* End PBXVariantGroup section */

/* Begin XCBuildConfiguration section */
		8A8D7EB32746BCCF0073E261 /* Debug */ = {
			isa = XCBuildConfiguration;
			buildSettings = {
				ALWAYS_SEARCH_USER_PATHS = NO;
				CLANG_ANALYZER_NONNULL = YES;
				CLANG_ANALYZER_NUMBER_OBJECT_CONVERSION = YES_AGGRESSIVE;
				CLANG_CXX_LANGUAGE_STANDARD = "gnu++17";
				CLANG_CXX_LIBRARY = "libc++";
				CLANG_ENABLE_MODULES = YES;
				CLANG_ENABLE_OBJC_ARC = YES;
				CLANG_ENABLE_OBJC_WEAK = YES;
				CLANG_WARN_BLOCK_CAPTURE_AUTORELEASING = YES;
				CLANG_WARN_BOOL_CONVERSION = YES;
				CLANG_WARN_COMMA = YES;
				CLANG_WARN_CONSTANT_CONVERSION = YES;
				CLANG_WARN_DEPRECATED_OBJC_IMPLEMENTATIONS = YES;
				CLANG_WARN_DIRECT_OBJC_ISA_USAGE = YES_ERROR;
				CLANG_WARN_DOCUMENTATION_COMMENTS = YES;
				CLANG_WARN_EMPTY_BODY = YES;
				CLANG_WARN_ENUM_CONVERSION = YES;
				CLANG_WARN_INFINITE_RECURSION = YES;
				CLANG_WARN_INT_CONVERSION = YES;
				CLANG_WARN_NON_LITERAL_NULL_CONVERSION = YES;
				CLANG_WARN_OBJC_IMPLICIT_RETAIN_SELF = YES;
				CLANG_WARN_OBJC_LITERAL_CONVERSION = YES;
				CLANG_WARN_OBJC_ROOT_CLASS = YES_ERROR;
				CLANG_WARN_QUOTED_INCLUDE_IN_FRAMEWORK_HEADER = YES;
				CLANG_WARN_RANGE_LOOP_ANALYSIS = YES;
				CLANG_WARN_STRICT_PROTOTYPES = YES;
				CLANG_WARN_SUSPICIOUS_MOVE = YES;
				CLANG_WARN_UNGUARDED_AVAILABILITY = YES_AGGRESSIVE;
				CLANG_WARN_UNREACHABLE_CODE = YES;
				CLANG_WARN__DUPLICATE_METHOD_MATCH = YES;
				COPY_PHASE_STRIP = NO;
				DEBUG_INFORMATION_FORMAT = dwarf;
				ENABLE_STRICT_OBJC_MSGSEND = YES;
				ENABLE_TESTABILITY = YES;
				GCC_C_LANGUAGE_STANDARD = gnu11;
				GCC_DYNAMIC_NO_PIC = NO;
				GCC_NO_COMMON_BLOCKS = YES;
				GCC_OPTIMIZATION_LEVEL = 0;
				GCC_PREPROCESSOR_DEFINITIONS = (
					"DEBUG=1",
					"$(inherited)",
				);
				GCC_WARN_64_TO_32_BIT_CONVERSION = YES;
				GCC_WARN_ABOUT_RETURN_TYPE = YES_ERROR;
				GCC_WARN_UNDECLARED_SELECTOR = YES;
				GCC_WARN_UNINITIALIZED_AUTOS = YES_AGGRESSIVE;
				GCC_WARN_UNUSED_FUNCTION = YES;
				GCC_WARN_UNUSED_VARIABLE = YES;
				IPHONEOS_DEPLOYMENT_TARGET = 15.0;
				MTL_ENABLE_DEBUG_INFO = INCLUDE_SOURCE;
				MTL_FAST_MATH = YES;
				ONLY_ACTIVE_ARCH = YES;
				SDKROOT = iphoneos;
				SWIFT_ACTIVE_COMPILATION_CONDITIONS = DEBUG;
				SWIFT_OPTIMIZATION_LEVEL = "-Onone";
			};
			name = Debug;
		};
		8A8D7EB42746BCCF0073E261 /* Release */ = {
			isa = XCBuildConfiguration;
			buildSettings = {
				ALWAYS_SEARCH_USER_PATHS = NO;
				CLANG_ANALYZER_NONNULL = YES;
				CLANG_ANALYZER_NUMBER_OBJECT_CONVERSION = YES_AGGRESSIVE;
				CLANG_CXX_LANGUAGE_STANDARD = "gnu++17";
				CLANG_CXX_LIBRARY = "libc++";
				CLANG_ENABLE_MODULES = YES;
				CLANG_ENABLE_OBJC_ARC = YES;
				CLANG_ENABLE_OBJC_WEAK = YES;
				CLANG_WARN_BLOCK_CAPTURE_AUTORELEASING = YES;
				CLANG_WARN_BOOL_CONVERSION = YES;
				CLANG_WARN_COMMA = YES;
				CLANG_WARN_CONSTANT_CONVERSION = YES;
				CLANG_WARN_DEPRECATED_OBJC_IMPLEMENTATIONS = YES;
				CLANG_WARN_DIRECT_OBJC_ISA_USAGE = YES_ERROR;
				CLANG_WARN_DOCUMENTATION_COMMENTS = YES;
				CLANG_WARN_EMPTY_BODY = YES;
				CLANG_WARN_ENUM_CONVERSION = YES;
				CLANG_WARN_INFINITE_RECURSION = YES;
				CLANG_WARN_INT_CONVERSION = YES;
				CLANG_WARN_NON_LITERAL_NULL_CONVERSION = YES;
				CLANG_WARN_OBJC_IMPLICIT_RETAIN_SELF = YES;
				CLANG_WARN_OBJC_LITERAL_CONVERSION = YES;
				CLANG_WARN_OBJC_ROOT_CLASS = YES_ERROR;
				CLANG_WARN_QUOTED_INCLUDE_IN_FRAMEWORK_HEADER = YES;
				CLANG_WARN_RANGE_LOOP_ANALYSIS = YES;
				CLANG_WARN_STRICT_PROTOTYPES = YES;
				CLANG_WARN_SUSPICIOUS_MOVE = YES;
				CLANG_WARN_UNGUARDED_AVAILABILITY = YES_AGGRESSIVE;
				CLANG_WARN_UNREACHABLE_CODE = YES;
				CLANG_WARN__DUPLICATE_METHOD_MATCH = YES;
				COPY_PHASE_STRIP = NO;
				DEBUG_INFORMATION_FORMAT = "dwarf-with-dsym";
				ENABLE_NS_ASSERTIONS = NO;
				ENABLE_STRICT_OBJC_MSGSEND = YES;
				GCC_C_LANGUAGE_STANDARD = gnu11;
				GCC_NO_COMMON_BLOCKS = YES;
				GCC_WARN_64_TO_32_BIT_CONVERSION = YES;
				GCC_WARN_ABOUT_RETURN_TYPE = YES_ERROR;
				GCC_WARN_UNDECLARED_SELECTOR = YES;
				GCC_WARN_UNINITIALIZED_AUTOS = YES_AGGRESSIVE;
				GCC_WARN_UNUSED_FUNCTION = YES;
				GCC_WARN_UNUSED_VARIABLE = YES;
				IPHONEOS_DEPLOYMENT_TARGET = 15.0;
				MTL_ENABLE_DEBUG_INFO = NO;
				MTL_FAST_MATH = YES;
				SDKROOT = iphoneos;
				SWIFT_COMPILATION_MODE = wholemodule;
				SWIFT_OPTIMIZATION_LEVEL = "-O";
				VALIDATE_PRODUCT = YES;
			};
			name = Release;
		};
		8A8D7EB62746BCCF0073E261 /* Debug */ = {
			isa = XCBuildConfiguration;
			baseConfigurationReference = AB3D1FD60C1563D85DDADEA5 /* Pods-Toonstreet.debug.xcconfig */;
			buildSettings = {
				ASSETCATALOG_COMPILER_APPICON_NAME = AppIcon;
				ASSETCATALOG_COMPILER_GLOBAL_ACCENT_COLOR_NAME = AccentColor;
				CODE_SIGN_STYLE = Automatic;
				CURRENT_PROJECT_VERSION = 1;
				DEVELOPMENT_TEAM = Q7332CR9FH;
				GENERATE_INFOPLIST_FILE = YES;
				INFOPLIST_FILE = Toonstreet/Info.plist;
				INFOPLIST_KEY_UIApplicationSupportsIndirectInputEvents = YES;
				INFOPLIST_KEY_UILaunchStoryboardName = LaunchScreen;
				INFOPLIST_KEY_UIMainStoryboardFile = Main;
				INFOPLIST_KEY_UISupportedInterfaceOrientations_iPad = "UIInterfaceOrientationPortrait UIInterfaceOrientationPortraitUpsideDown UIInterfaceOrientationLandscapeLeft UIInterfaceOrientationLandscapeRight";
				INFOPLIST_KEY_UISupportedInterfaceOrientations_iPhone = "UIInterfaceOrientationPortrait UIInterfaceOrientationLandscapeLeft UIInterfaceOrientationLandscapeRight";
				IPHONEOS_DEPLOYMENT_TARGET = 14.0;
				LD_RUNPATH_SEARCH_PATHS = (
					"$(inherited)",
					"@executable_path/Frameworks",
				);
				MARKETING_VERSION = 1.0;
				PRODUCT_BUNDLE_IDENTIFIER = com.toonstreet.comic;
				PRODUCT_NAME = "$(TARGET_NAME)";
				SWIFT_EMIT_LOC_STRINGS = YES;
				SWIFT_VERSION = 5.0;
				TARGETED_DEVICE_FAMILY = "1,2";
			};
			name = Debug;
		};
		8A8D7EB72746BCCF0073E261 /* Release */ = {
			isa = XCBuildConfiguration;
			baseConfigurationReference = C2A41D6B45D93EDAF33971B6 /* Pods-Toonstreet.release.xcconfig */;
			buildSettings = {
				ASSETCATALOG_COMPILER_APPICON_NAME = AppIcon;
				ASSETCATALOG_COMPILER_GLOBAL_ACCENT_COLOR_NAME = AccentColor;
				CODE_SIGN_STYLE = Automatic;
				CURRENT_PROJECT_VERSION = 1;
				DEVELOPMENT_TEAM = Q7332CR9FH;
				GENERATE_INFOPLIST_FILE = YES;
				INFOPLIST_FILE = Toonstreet/Info.plist;
				INFOPLIST_KEY_UIApplicationSupportsIndirectInputEvents = YES;
				INFOPLIST_KEY_UILaunchStoryboardName = LaunchScreen;
				INFOPLIST_KEY_UIMainStoryboardFile = Main;
				INFOPLIST_KEY_UISupportedInterfaceOrientations_iPad = "UIInterfaceOrientationPortrait UIInterfaceOrientationPortraitUpsideDown UIInterfaceOrientationLandscapeLeft UIInterfaceOrientationLandscapeRight";
				INFOPLIST_KEY_UISupportedInterfaceOrientations_iPhone = "UIInterfaceOrientationPortrait UIInterfaceOrientationLandscapeLeft UIInterfaceOrientationLandscapeRight";
				IPHONEOS_DEPLOYMENT_TARGET = 14.0;
				LD_RUNPATH_SEARCH_PATHS = (
					"$(inherited)",
					"@executable_path/Frameworks",
				);
				MARKETING_VERSION = 1.0;
				PRODUCT_BUNDLE_IDENTIFIER = com.toonstreet.comic;
				PRODUCT_NAME = "$(TARGET_NAME)";
				SWIFT_EMIT_LOC_STRINGS = YES;
				SWIFT_VERSION = 5.0;
				TARGETED_DEVICE_FAMILY = "1,2";
			};
			name = Release;
		};
/* End XCBuildConfiguration section */

/* Begin XCConfigurationList section */
		8A8D7E9C2746BCCE0073E261 /* Build configuration list for PBXProject "Toonstreet" */ = {
			isa = XCConfigurationList;
			buildConfigurations = (
				8A8D7EB32746BCCF0073E261 /* Debug */,
				8A8D7EB42746BCCF0073E261 /* Release */,
			);
			defaultConfigurationIsVisible = 0;
			defaultConfigurationName = Release;
		};
		8A8D7EB52746BCCF0073E261 /* Build configuration list for PBXNativeTarget "Toonstreet" */ = {
			isa = XCConfigurationList;
			buildConfigurations = (
				8A8D7EB62746BCCF0073E261 /* Debug */,
				8A8D7EB72746BCCF0073E261 /* Release */,
			);
			defaultConfigurationIsVisible = 0;
			defaultConfigurationName = Release;
		};
/* End XCConfigurationList section */
	};
	rootObject = 8A8D7E992746BCCE0073E261 /* Project object */;
}
